
Microsoft Visual Studio Solution File, Format Version 12.00
# Visual Studio Version 17
VisualStudioVersion = 17.5.33627.172
MinimumVisualStudioVersion = 10.0.40219.1
Project("{FAE04EC0-301F-11D3-BF4B-00C04F79EFBC}") = "ExemploEF", "ExemploEF.csproj", "{344B1887-BB96-4ACC-B3A0-44EEFFAA8C2A}"
EndProject
Global
	GlobalSection(SolutionConfigurationPlatforms) = preSolution
		Debug|Any CPU = Debug|Any CPU
		Release|Any CPU = Release|Any CPU
	EndGlobalSection
	GlobalSection(ProjectConfigurationPlatforms) = postSolution
		{344B1887-BB96-4ACC-B3A0-44EEFFAA8C2A}.Debug|Any CPU.ActiveCfg = Debug|Any CPU
		{344B1887-BB96-4ACC-B3A0-44EEFFAA8C2A}.Debug|Any CPU.Build.0 = Debug|Any CPU
		{344B1887-BB96-4ACC-B3A0-44EEFFAA8C2A}.Release|Any CPU.ActiveCfg = Release|Any CPU
		{344B1887-BB96-4ACC-B3A0-44EEFFAA8C2A}.Release|Any CPU.Build.0 = Release|Any CPU
	EndGlobalSection
	GlobalSection(SolutionProperties) = preSolution
		HideSolutionNode = FALSE
	EndGlobalSection
	GlobalSection(ExtensibilityGlobals) = postSolution
		SolutionGuid = {4918A69D-64DC-4723-A9E9-E1DB980EE10C}
	EndGlobalSection
EndGlobal
